
Microsoft Visual Studio Solution File, Format Version 12.00
# Visual Studio Version 16
VisualStudioVersion = 16.0.31424.327
MinimumVisualStudioVersion = 10.0.40219.1
Project("{9A19103F-16F7-4668-BE54-9A1E7A4F7556}") = "BlazorBattle1.Server", "BlazorBattle1\Server\BlazorBattle1.Server.csproj", "{DA1B3DB1-7E8E-4442-A2CB-F06BB6D7C863}"
EndProject
Project("{9A19103F-16F7-4668-BE54-9A1E7A4F7556}") = "BlazorBattle1.Client", "BlazorBattle1\Client\BlazorBattle1.Client.csproj", "{8D58BC85-1092-4596-8541-75A24F287A70}"
EndProject
Project("{9A19103F-16F7-4668-BE54-9A1E7A4F7556}") = "BlazorBattle1.Shared", "BlazorBattle1\Shared\BlazorBattle1.Shared.csproj", "{6A1C2A5F-EE05-4D89-B777-6F2F3B0664EA}"
EndProject
Global
	GlobalSection(SolutionConfigurationPlatforms) = preSolution
		Debug|Any CPU = Debug|Any CPU
		Release|Any CPU = Release|Any CPU
	EndGlobalSection
	GlobalSection(ProjectConfigurationPlatforms) = postSolution
		{DA1B3DB1-7E8E-4442-A2CB-F06BB6D7C863}.Debug|Any CPU.ActiveCfg = Debug|Any CPU
		{DA1B3DB1-7E8E-4442-A2CB-F06BB6D7C863}.Debug|Any CPU.Build.0 = Debug|Any CPU
		{DA1B3DB1-7E8E-4442-A2CB-F06BB6D7C863}.Release|Any CPU.ActiveCfg = Release|Any CPU
		{DA1B3DB1-7E8E-4442-A2CB-F06BB6D7C863}.Release|Any CPU.Build.0 = Release|Any CPU
		{8D58BC85-1092-4596-8541-75A24F287A70}.Debug|Any CPU.ActiveCfg = Debug|Any CPU
		{8D58BC85-1092-4596-8541-75A24F287A70}.Debug|Any CPU.Build.0 = Debug|Any CPU
		{8D58BC85-1092-4596-8541-75A24F287A70}.Release|Any CPU.ActiveCfg = Release|Any CPU
		{8D58BC85-1092-4596-8541-75A24F287A70}.Release|Any CPU.Build.0 = Release|Any CPU
		{6A1C2A5F-EE05-4D89-B777-6F2F3B0664EA}.Debug|Any CPU.ActiveCfg = Debug|Any CPU
		{6A1C2A5F-EE05-4D89-B777-6F2F3B0664EA}.Debug|Any CPU.Build.0 = Debug|Any CPU
		{6A1C2A5F-EE05-4D89-B777-6F2F3B0664EA}.Release|Any CPU.ActiveCfg = Release|Any CPU
		{6A1C2A5F-EE05-4D89-B777-6F2F3B0664EA}.Release|Any CPU.Build.0 = Release|Any CPU
	EndGlobalSection
	GlobalSection(SolutionProperties) = preSolution
		HideSolutionNode = FALSE
	EndGlobalSection
	GlobalSection(ExtensibilityGlobals) = postSolution
		SolutionGuid = {061EE042-251C-4384-AB0D-74EA96262416}
	EndGlobalSection
EndGlobal
